
Microsoft Visual Studio Solution File, Format Version 12.00
# Visual Studio Version 17
VisualStudioVersion = 17.6.33829.357
MinimumVisualStudioVersion = 10.0.40219.1
Project("{FAE04EC0-301F-11D3-BF4B-00C04F79EFBC}") = "MI_WEB", "MI_WEB.csproj", "{BC512840-CD91-4157-958C-2F461D0F76DC}"
EndProject
Global
	GlobalSection(SolutionConfigurationPlatforms) = preSolution
		Debug|Any CPU = Debug|Any CPU
		Release|Any CPU = Release|Any CPU
	EndGlobalSection
	GlobalSection(ProjectConfigurationPlatforms) = postSolution
		{BC512840-CD91-4157-958C-2F461D0F76DC}.Debug|Any CPU.ActiveCfg = Debug|Any CPU
		{BC512840-CD91-4157-958C-2F461D0F76DC}.Debug|Any CPU.Build.0 = Debug|Any CPU
		{BC512840-CD91-4157-958C-2F461D0F76DC}.Release|Any CPU.ActiveCfg = Release|Any CPU
		{BC512840-CD91-4157-958C-2F461D0F76DC}.Release|Any CPU.Build.0 = Release|Any CPU
	EndGlobalSection
	GlobalSection(SolutionProperties) = preSolution
		HideSolutionNode = FALSE
	EndGlobalSection
	GlobalSection(ExtensibilityGlobals) = postSolution
		SolutionGuid = {78512DF1-2265-4BC0-9789-2F24AD01D2E0}
	EndGlobalSection
EndGlobal
